
Microsoft Visual Studio Solution File, Format Version 12.00
# Visual Studio 2013
VisualStudioVersion = 12.0.30723.0
MinimumVisualStudioVersion = 10.0.40219.1
Project("{FAE04EC0-301F-11D3-BF4B-00C04F79EFBC}") = "RH_APP", "RH_APP\RH_APP.csproj", "{7B8617DB-470D-424A-843A-8B2AEDBB3369}"
EndProject
Project("{FAE04EC0-301F-11D3-BF4B-00C04F79EFBC}") = "RH_Server", "RH_Server\RH_Server.csproj", "{6A25467D-19BA-487B-9E0D-06D24A43193A}"
EndProject
Project("{FAE04EC0-301F-11D3-BF4B-00C04F79EFBC}") = "Mallaca", "Mallaca\Mallaca.csproj", "{DA5167DB-3A0D-4294-BAD5-4E09775A8FF9}"
EndProject
Project("{FAE04EC0-301F-11D3-BF4B-00C04F79EFBC}") = "UnitTests", "UnitTests\UnitTests.csproj", "{ED836340-6721-467D-B9FD-0CC36963C855}"
EndProject
Project("{2150E333-8FDC-42A3-9474-1A3956D46DE8}") = ".nuget", ".nuget", "{5E7B8042-B1A3-4A49-93EE-32F7508FAB00}"
	ProjectSection(SolutionItems) = preProject
		.nuget\packages.config = .nuget\packages.config
	EndProjectSection
EndProject
Global
	GlobalSection(SolutionConfigurationPlatforms) = preSolution
		Debug|Any CPU = Debug|Any CPU
		Release|Any CPU = Release|Any CPU
	EndGlobalSection
	GlobalSection(ProjectConfigurationPlatforms) = postSolution
		{7B8617DB-470D-424A-843A-8B2AEDBB3369}.Debug|Any CPU.ActiveCfg = Debug|Any CPU
		{7B8617DB-470D-424A-843A-8B2AEDBB3369}.Debug|Any CPU.Build.0 = Debug|Any CPU
		{7B8617DB-470D-424A-843A-8B2AEDBB3369}.Release|Any CPU.ActiveCfg = Release|Any CPU
		{7B8617DB-470D-424A-843A-8B2AEDBB3369}.Release|Any CPU.Build.0 = Release|Any CPU
		{6A25467D-19BA-487B-9E0D-06D24A43193A}.Debug|Any CPU.ActiveCfg = Debug|Any CPU
		{6A25467D-19BA-487B-9E0D-06D24A43193A}.Debug|Any CPU.Build.0 = Debug|Any CPU
		{6A25467D-19BA-487B-9E0D-06D24A43193A}.Release|Any CPU.ActiveCfg = Release|Any CPU
		{6A25467D-19BA-487B-9E0D-06D24A43193A}.Release|Any CPU.Build.0 = Release|Any CPU
		{DA5167DB-3A0D-4294-BAD5-4E09775A8FF9}.Debug|Any CPU.ActiveCfg = Debug|Any CPU
		{DA5167DB-3A0D-4294-BAD5-4E09775A8FF9}.Debug|Any CPU.Build.0 = Debug|Any CPU
		{DA5167DB-3A0D-4294-BAD5-4E09775A8FF9}.Release|Any CPU.ActiveCfg = Release|Any CPU
		{DA5167DB-3A0D-4294-BAD5-4E09775A8FF9}.Release|Any CPU.Build.0 = Release|Any CPU
		{ED836340-6721-467D-B9FD-0CC36963C855}.Debug|Any CPU.ActiveCfg = Debug|Any CPU
		{ED836340-6721-467D-B9FD-0CC36963C855}.Debug|Any CPU.Build.0 = Debug|Any CPU
		{ED836340-6721-467D-B9FD-0CC36963C855}.Release|Any CPU.ActiveCfg = Release|Any CPU
		{ED836340-6721-467D-B9FD-0CC36963C855}.Release|Any CPU.Build.0 = Release|Any CPU
	EndGlobalSection
	GlobalSection(SolutionProperties) = preSolution
		HideSolutionNode = FALSE
	EndGlobalSection
EndGlobal
